
Microsoft Visual Studio Solution File, Format Version 12.00
# Visual Studio Version 17
VisualStudioVersion = 17.11.35312.102
MinimumVisualStudioVersion = 10.0.40219.1
Project("{9A19103F-16F7-4668-BE54-9A1E7A4F7556}") = "MyLibrary", "MyLibrary\MyLibrary.csproj", "{18FC9FB7-4CCD-48C3-8AF5-8DBE675FB109}"
EndProject
Project("{9A19103F-16F7-4668-BE54-9A1E7A4F7556}") = "MyLibraryTest", "MyLibraryTest\MyLibraryTest.csproj", "{C19DB685-9816-472D-9C86-91302AB524B7}"
EndProject
Project("{2150E333-8FDC-42A3-9474-1A3956D46DE8}") = "Elementos de la solución", "Elementos de la solución", "{2BAF6636-7E8C-49C8-8944-A79D4B520F8A}"
	ProjectSection(SolutionItems) = preProject
		.gitignore = .gitignore
	EndProjectSection
EndProject
Global
	GlobalSection(SolutionConfigurationPlatforms) = preSolution
		Debug|Any CPU = Debug|Any CPU
		Release|Any CPU = Release|Any CPU
	EndGlobalSection
	GlobalSection(ProjectConfigurationPlatforms) = postSolution
		{18FC9FB7-4CCD-48C3-8AF5-8DBE675FB109}.Debug|Any CPU.ActiveCfg = Debug|Any CPU
		{18FC9FB7-4CCD-48C3-8AF5-8DBE675FB109}.Debug|Any CPU.Build.0 = Debug|Any CPU
		{18FC9FB7-4CCD-48C3-8AF5-8DBE675FB109}.Release|Any CPU.ActiveCfg = Release|Any CPU
		{18FC9FB7-4CCD-48C3-8AF5-8DBE675FB109}.Release|Any CPU.Build.0 = Release|Any CPU
		{C19DB685-9816-472D-9C86-91302AB524B7}.Debug|Any CPU.ActiveCfg = Debug|Any CPU
		{C19DB685-9816-472D-9C86-91302AB524B7}.Debug|Any CPU.Build.0 = Debug|Any CPU
		{C19DB685-9816-472D-9C86-91302AB524B7}.Release|Any CPU.ActiveCfg = Release|Any CPU
		{C19DB685-9816-472D-9C86-91302AB524B7}.Release|Any CPU.Build.0 = Release|Any CPU
	EndGlobalSection
	GlobalSection(SolutionProperties) = preSolution
		HideSolutionNode = FALSE
	EndGlobalSection
	GlobalSection(ExtensibilityGlobals) = postSolution
		SolutionGuid = {947886A3-1861-4F8E-9485-5CC1DECFE8FD}
	EndGlobalSection
EndGlobal
